// !$*UTF8*$!
{
	archiveVersion = 1;
	classes = {
	};
	objectVersion = 46;
	objects = {

/* Begin PBXBuildFile section */
		6253D205188033120017790C /* Foundation.framework in Frameworks */ = {isa = PBXBuildFile; fileRef = 6253D204188033120017790C /* Foundation.framework */; };
		6253D207188033120017790C /* CoreGraphics.framework in Frameworks */ = {isa = PBXBuildFile; fileRef = 6253D206188033120017790C /* CoreGraphics.framework */; };
		6253D209188033120017790C /* UIKit.framework in Frameworks */ = {isa = PBXBuildFile; fileRef = 6253D208188033120017790C /* UIKit.framework */; };
		6253D20B188033120017790C /* SpriteKit.framework in Frameworks */ = {isa = PBXBuildFile; fileRef = 6253D20A188033120017790C /* SpriteKit.framework */; };
		6253D211188033120017790C /* InfoPlist.strings in Resources */ = {isa = PBXBuildFile; fileRef = 6253D20F188033120017790C /* InfoPlist.strings */; };
		6253D213188033120017790C /* main.m in Sources */ = {isa = PBXBuildFile; fileRef = 6253D212188033120017790C /* main.m */; };
		6253D217188033120017790C /* AppDelegate.m in Sources */ = {isa = PBXBuildFile; fileRef = 6253D216188033120017790C /* AppDelegate.m */; };
		6253D21D188033120017790C /* ViewController.m in Sources */ = {isa = PBXBuildFile; fileRef = 6253D21C188033120017790C /* ViewController.m */; };
		6253D220188033120017790C /* MyScene.m in Sources */ = {isa = PBXBuildFile; fileRef = 6253D21F188033120017790C /* MyScene.m */; };
		6253D222188033120017790C /* Spaceship.png in Resources */ = {isa = PBXBuildFile; fileRef = 6253D221188033120017790C /* Spaceship.png */; };
		6253D224188033120017790C /* Images.xcassets in Resources */ = {isa = PBXBuildFile; fileRef = 6253D223188033120017790C /* Images.xcassets */; };
		6253D22B188033130017790C /* XCTest.framework in Frameworks */ = {isa = PBXBuildFile; fileRef = 6253D22A188033130017790C /* XCTest.framework */; };
		6253D22C188033130017790C /* Foundation.framework in Frameworks */ = {isa = PBXBuildFile; fileRef = 6253D204188033120017790C /* Foundation.framework */; };
		6253D22D188033130017790C /* UIKit.framework in Frameworks */ = {isa = PBXBuildFile; fileRef = 6253D208188033120017790C /* UIKit.framework */; };
		6253D235188033130017790C /* InfoPlist.strings in Resources */ = {isa = PBXBuildFile; fileRef = 6253D233188033130017790C /* InfoPlist.strings */; };
		6253D237188033130017790C /* ChaosGameTests.m in Sources */ = {isa = PBXBuildFile; fileRef = 6253D236188033130017790C /* ChaosGameTests.m */; };
		6262776218852B1F00006BBD /* CViewController.m in Sources */ = {isa = PBXBuildFile; fileRef = 6262776018852B1F00006BBD /* CViewController.m */; };
		6262776318852B1F00006BBD /* CViewController.xib in Resources */ = {isa = PBXBuildFile; fileRef = 6262776118852B1F00006BBD /* CViewController.xib */; };
		6262776618852CDE00006BBD /* CScene.m in Sources */ = {isa = PBXBuildFile; fileRef = 6262776518852CDE00006BBD /* CScene.m */; };
		6262776A1885321600006BBD /* CAppDelegate.m in Sources */ = {isa = PBXBuildFile; fileRef = 626277691885321600006BBD /* CAppDelegate.m */; };
		6262776D1885669100006BBD /* CSceneManager.m in Sources */ = {isa = PBXBuildFile; fileRef = 6262776C1885669100006BBD /* CSceneManager.m */; };
		626277701885732800006BBD /* CLogger.m in Sources */ = {isa = PBXBuildFile; fileRef = 6262776F1885732800006BBD /* CLogger.m */; };
		6262777B18868D0B00006BBD /* CUtil.m in Sources */ = {isa = PBXBuildFile; fileRef = 6262777A18868D0B00006BBD /* CUtil.m */; };
		6262777F1886A34400006BBD /* sword.png in Resources */ = {isa = PBXBuildFile; fileRef = 6262777E1886A34400006BBD /* sword.png */; };
		626277821886A4BF00006BBD /* CPoint.m in Sources */ = {isa = PBXBuildFile; fileRef = 626277811886A4BF00006BBD /* CPoint.m */; };
		626277881886DDC500006BBD /* CEventDispatcher.m in Sources */ = {isa = PBXBuildFile; fileRef = 626277871886DDC500006BBD /* CEventDispatcher.m */; };
		6262778B1886DE7F00006BBD /* CEvent.m in Sources */ = {isa = PBXBuildFile; fileRef = 6262778A1886DE7F00006BBD /* CEvent.m */; };
		626277901888283E00006BBD /* CEventListener.m in Sources */ = {isa = PBXBuildFile; fileRef = 6262778F1888283E00006BBD /* CEventListener.m */; };
		62627793188926B300006BBD /* CPositionEvent.m in Sources */ = {isa = PBXBuildFile; fileRef = 62627792188926B300006BBD /* CPositionEvent.m */; };
		62627796188935C800006BBD /* CAnimationComponent.m in Sources */ = {isa = PBXBuildFile; fileRef = 62627795188935C800006BBD /* CAnimationComponent.m */; };
		626F6356189111EA00103C36 /* CEngineSystem.m in Sources */ = {isa = PBXBuildFile; fileRef = 626F6355189111EA00103C36 /* CEngineSystem.m */; };
		6272FF8F188ECC64009B8440 /* CTextureAtlas.m in Sources */ = {isa = PBXBuildFile; fileRef = 6272FF8E188ECC64009B8440 /* CTextureAtlas.m */; };
		6272FF93188ED421009B8440 /* character.png in Resources */ = {isa = PBXBuildFile; fileRef = 6272FF92188ED421009B8440 /* character.png */; };
		6272FF95188ED42E009B8440 /* character.xml in Resources */ = {isa = PBXBuildFile; fileRef = 6272FF94188ED42E009B8440 /* character.xml */; };
		6295C57F188FCAD800B45AB9 /* CRenderEvent.m in Sources */ = {isa = PBXBuildFile; fileRef = 6295C57E188FCAD800B45AB9 /* CRenderEvent.m */; };
		6295C587189018DA00B45AB9 /* android.png in Resources */ = {isa = PBXBuildFile; fileRef = 6295C586189018DA00B45AB9 /* android.png */; };
		6295C589189018E000B45AB9 /* android.xml in Resources */ = {isa = PBXBuildFile; fileRef = 6295C588189018E000B45AB9 /* android.xml */; };
		6295C58C18901F0300B45AB9 /* CEngine.m in Sources */ = {isa = PBXBuildFile; fileRef = 6295C58B18901F0300B45AB9 /* CEngine.m */; };
		62AA5411188433BB001FA053 /* CEntity.m in Sources */ = {isa = PBXBuildFile; fileRef = 62AA5410188433BB001FA053 /* CEntity.m */; };
		62AA5414188434C9001FA053 /* CEntityFactory.m in Sources */ = {isa = PBXBuildFile; fileRef = 62AA5413188434C9001FA053 /* CEntityFactory.m */; };
		62AA5417188434D5001FA053 /* CComponent.m in Sources */ = {isa = PBXBuildFile; fileRef = 62AA5416188434D5001FA053 /* CComponent.m */; };
		62AA5421188442E8001FA053 /* CPositionComponent.m in Sources */ = {isa = PBXBuildFile; fileRef = 62AA5420188442E8001FA053 /* CPositionComponent.m */; };
		62AA5424188442F9001FA053 /* CRenderComponent.m in Sources */ = {isa = PBXBuildFile; fileRef = 62AA5423188442F9001FA053 /* CRenderComponent.m */; };
		62B3BA9D1891433400DD8424 /* CInputSystem.m in Sources */ = {isa = PBXBuildFile; fileRef = 62B3BA9C1891433400DD8424 /* CInputSystem.m */; };
		62FB7BA81891698100A6340F /* CControllerComponent.m in Sources */ = {isa = PBXBuildFile; fileRef = 62FB7BA71891698100A6340F /* CControllerComponent.m */; };
/* End PBXBuildFile section */

/* Begin PBXContainerItemProxy section */
		6253D22E188033130017790C /* PBXContainerItemProxy */ = {
			isa = PBXContainerItemProxy;
			containerPortal = 6253D1F9188033120017790C /* Project object */;
			proxyType = 1;
			remoteGlobalIDString = 6253D200188033120017790C;
			remoteInfo = ChaosGame;
		};
/* End PBXContainerItemProxy section */

/* Begin PBXFileReference section */
		6253D201188033120017790C /* ChaosGame.app */ = {isa = PBXFileReference; explicitFileType = wrapper.application; includeInIndex = 0; path = ChaosGame.app; sourceTree = BUILT_PRODUCTS_DIR; };
		6253D204188033120017790C /* Foundation.framework */ = {isa = PBXFileReference; lastKnownFileType = wrapper.framework; name = Foundation.framework; path = System/Library/Frameworks/Foundation.framework; sourceTree = SDKROOT; };
		6253D206188033120017790C /* CoreGraphics.framework */ = {isa = PBXFileReference; lastKnownFileType = wrapper.framework; name = CoreGraphics.framework; path = System/Library/Frameworks/CoreGraphics.framework; sourceTree = SDKROOT; };
		6253D208188033120017790C /* UIKit.framework */ = {isa = PBXFileReference; lastKnownFileType = wrapper.framework; name = UIKit.framework; path = System/Library/Frameworks/UIKit.framework; sourceTree = SDKROOT; };
		6253D20A188033120017790C /* SpriteKit.framework */ = {isa = PBXFileReference; lastKnownFileType = wrapper.framework; name = SpriteKit.framework; path = System/Library/Frameworks/SpriteKit.framework; sourceTree = SDKROOT; };
		6253D20E188033120017790C /* ChaosGame-Info.plist */ = {isa = PBXFileReference; lastKnownFileType = text.plist.xml; path = "ChaosGame-Info.plist"; sourceTree = "<group>"; };
		6253D210188033120017790C /* en */ = {isa = PBXFileReference; lastKnownFileType = text.plist.strings; name = en; path = en.lproj/InfoPlist.strings; sourceTree = "<group>"; };
		6253D212188033120017790C /* main.m */ = {isa = PBXFileReference; lastKnownFileType = sourcecode.c.objc; path = main.m; sourceTree = "<group>"; };
		6253D214188033120017790C /* ChaosGame-Prefix.pch */ = {isa = PBXFileReference; lastKnownFileType = sourcecode.c.h; path = "ChaosGame-Prefix.pch"; sourceTree = "<group>"; };
		6253D215188033120017790C /* AppDelegate.h */ = {isa = PBXFileReference; lastKnownFileType = sourcecode.c.h; path = AppDelegate.h; sourceTree = "<group>"; };
		6253D216188033120017790C /* AppDelegate.m */ = {isa = PBXFileReference; lastKnownFileType = sourcecode.c.objc; path = AppDelegate.m; sourceTree = "<group>"; };
		6253D21B188033120017790C /* ViewController.h */ = {isa = PBXFileReference; lastKnownFileType = sourcecode.c.h; path = ViewController.h; sourceTree = "<group>"; };
		6253D21C188033120017790C /* ViewController.m */ = {isa = PBXFileReference; lastKnownFileType = sourcecode.c.objc; path = ViewController.m; sourceTree = "<group>"; };
		6253D21E188033120017790C /* MyScene.h */ = {isa = PBXFileReference; lastKnownFileType = sourcecode.c.h; path = MyScene.h; sourceTree = "<group>"; };
		6253D21F188033120017790C /* MyScene.m */ = {isa = PBXFileReference; lastKnownFileType = sourcecode.c.objc; path = MyScene.m; sourceTree = "<group>"; };
		6253D221188033120017790C /* Spaceship.png */ = {isa = PBXFileReference; lastKnownFileType = image.png; path = Spaceship.png; sourceTree = "<group>"; };
		6253D223188033120017790C /* Images.xcassets */ = {isa = PBXFileReference; lastKnownFileType = folder.assetcatalog; path = Images.xcassets; sourceTree = "<group>"; };
		6253D229188033130017790C /* ChaosGameTests.xctest */ = {isa = PBXFileReference; explicitFileType = wrapper.cfbundle; includeInIndex = 0; path = ChaosGameTests.xctest; sourceTree = BUILT_PRODUCTS_DIR; };
		6253D22A188033130017790C /* XCTest.framework */ = {isa = PBXFileReference; lastKnownFileType = wrapper.framework; name = XCTest.framework; path = Library/Frameworks/XCTest.framework; sourceTree = DEVELOPER_DIR; };
		6253D232188033130017790C /* ChaosGameTests-Info.plist */ = {isa = PBXFileReference; lastKnownFileType = text.plist.xml; path = "ChaosGameTests-Info.plist"; sourceTree = "<group>"; };
		6253D234188033130017790C /* en */ = {isa = PBXFileReference; lastKnownFileType = text.plist.strings; name = en; path = en.lproj/InfoPlist.strings; sourceTree = "<group>"; };
		6253D236188033130017790C /* ChaosGameTests.m */ = {isa = PBXFileReference; lastKnownFileType = sourcecode.c.objc; path = ChaosGameTests.m; sourceTree = "<group>"; };
		6262775F18852B1F00006BBD /* CViewController.h */ = {isa = PBXFileReference; fileEncoding = 4; lastKnownFileType = sourcecode.c.h; name = CViewController.h; path = ChaosEngine/CViewController.h; sourceTree = "<group>"; };
		6262776018852B1F00006BBD /* CViewController.m */ = {isa = PBXFileReference; fileEncoding = 4; lastKnownFileType = sourcecode.c.objc; name = CViewController.m; path = ChaosEngine/CViewController.m; sourceTree = "<group>"; };
		6262776118852B1F00006BBD /* CViewController.xib */ = {isa = PBXFileReference; fileEncoding = 4; lastKnownFileType = file.xib; name = CViewController.xib; path = ChaosEngine/CViewController.xib; sourceTree = "<group>"; };
		6262776418852CDE00006BBD /* CScene.h */ = {isa = PBXFileReference; fileEncoding = 4; lastKnownFileType = sourcecode.c.h; name = CScene.h; path = ChaosEngine/CScene.h; sourceTree = "<group>"; };
		6262776518852CDE00006BBD /* CScene.m */ = {isa = PBXFileReference; fileEncoding = 4; lastKnownFileType = sourcecode.c.objc; name = CScene.m; path = ChaosEngine/CScene.m; sourceTree = "<group>"; };
		626277681885321600006BBD /* CAppDelegate.h */ = {isa = PBXFileReference; fileEncoding = 4; lastKnownFileType = sourcecode.c.h; name = CAppDelegate.h; path = ChaosEngine/CAppDelegate.h; sourceTree = "<group>"; };
		626277691885321600006BBD /* CAppDelegate.m */ = {isa = PBXFileReference; fileEncoding = 4; lastKnownFileType = sourcecode.c.objc; name = CAppDelegate.m; path = ChaosEngine/CAppDelegate.m; sourceTree = "<group>"; };
		6262776B1885669100006BBD /* CSceneManager.h */ = {isa = PBXFileReference; fileEncoding = 4; lastKnownFileType = sourcecode.c.h; name = CSceneManager.h; path = ChaosEngine/CSceneManager.h; sourceTree = "<group>"; };
		6262776C1885669100006BBD /* CSceneManager.m */ = {isa = PBXFileReference; fileEncoding = 4; lastKnownFileType = sourcecode.c.objc; name = CSceneManager.m; path = ChaosEngine/CSceneManager.m; sourceTree = "<group>"; };
		6262776E1885732800006BBD /* CLogger.h */ = {isa = PBXFileReference; fileEncoding = 4; lastKnownFileType = sourcecode.c.h; name = CLogger.h; path = ChaosEngine/CLogger.h; sourceTree = "<group>"; };
		6262776F1885732800006BBD /* CLogger.m */ = {isa = PBXFileReference; fileEncoding = 4; lastKnownFileType = sourcecode.c.objc; name = CLogger.m; path = ChaosEngine/CLogger.m; sourceTree = "<group>"; };
		6262777918868D0B00006BBD /* CUtil.h */ = {isa = PBXFileReference; fileEncoding = 4; lastKnownFileType = sourcecode.c.h; name = CUtil.h; path = ChaosEngine/CUtil.h; sourceTree = "<group>"; };
		6262777A18868D0B00006BBD /* CUtil.m */ = {isa = PBXFileReference; fileEncoding = 4; lastKnownFileType = sourcecode.c.objc; name = CUtil.m; path = ChaosEngine/CUtil.m; sourceTree = "<group>"; };
		6262777E1886A34400006BBD /* sword.png */ = {isa = PBXFileReference; lastKnownFileType = image.png; name = sword.png; path = assets/sword.png; sourceTree = "<group>"; };
		626277801886A4BF00006BBD /* CPoint.h */ = {isa = PBXFileReference; fileEncoding = 4; lastKnownFileType = sourcecode.c.h; name = CPoint.h; path = ChaosEngine/CPoint.h; sourceTree = "<group>"; };
		626277811886A4BF00006BBD /* CPoint.m */ = {isa = PBXFileReference; fileEncoding = 4; lastKnownFileType = sourcecode.c.objc; name = CPoint.m; path = ChaosEngine/CPoint.m; sourceTree = "<group>"; };
		626277861886DDC500006BBD /* CEventDispatcher.h */ = {isa = PBXFileReference; fileEncoding = 4; lastKnownFileType = sourcecode.c.h; name = CEventDispatcher.h; path = ChaosEngine/CEventDispatcher.h; sourceTree = "<group>"; };
		626277871886DDC500006BBD /* CEventDispatcher.m */ = {isa = PBXFileReference; fileEncoding = 4; lastKnownFileType = sourcecode.c.objc; name = CEventDispatcher.m; path = ChaosEngine/CEventDispatcher.m; sourceTree = "<group>"; };
		626277891886DE7F00006BBD /* CEvent.h */ = {isa = PBXFileReference; fileEncoding = 4; lastKnownFileType = sourcecode.c.h; name = CEvent.h; path = ChaosEngine/CEvent.h; sourceTree = "<group>"; };
		6262778A1886DE7F00006BBD /* CEvent.m */ = {isa = PBXFileReference; fileEncoding = 4; lastKnownFileType = sourcecode.c.objc; name = CEvent.m; path = ChaosEngine/CEvent.m; sourceTree = "<group>"; };
		6262778E1888283E00006BBD /* CEventListener.h */ = {isa = PBXFileReference; fileEncoding = 4; lastKnownFileType = sourcecode.c.h; name = CEventListener.h; path = ChaosEngine/CEventListener.h; sourceTree = "<group>"; };
		6262778F1888283E00006BBD /* CEventListener.m */ = {isa = PBXFileReference; fileEncoding = 4; lastKnownFileType = sourcecode.c.objc; name = CEventListener.m; path = ChaosEngine/CEventListener.m; sourceTree = "<group>"; };
		62627791188926B300006BBD /* CPositionEvent.h */ = {isa = PBXFileReference; fileEncoding = 4; lastKnownFileType = sourcecode.c.h; name = CPositionEvent.h; path = ChaosEngine/CPositionEvent.h; sourceTree = "<group>"; };
		62627792188926B300006BBD /* CPositionEvent.m */ = {isa = PBXFileReference; fileEncoding = 4; lastKnownFileType = sourcecode.c.objc; name = CPositionEvent.m; path = ChaosEngine/CPositionEvent.m; sourceTree = "<group>"; };
		62627794188935C800006BBD /* CAnimationComponent.h */ = {isa = PBXFileReference; fileEncoding = 4; lastKnownFileType = sourcecode.c.h; name = CAnimationComponent.h; path = ChaosEngine/CAnimationComponent.h; sourceTree = "<group>"; };
		62627795188935C800006BBD /* CAnimationComponent.m */ = {isa = PBXFileReference; fileEncoding = 4; lastKnownFileType = sourcecode.c.objc; name = CAnimationComponent.m; path = ChaosEngine/CAnimationComponent.m; sourceTree = "<group>"; };
		626F6354189111EA00103C36 /* CEngineSystem.h */ = {isa = PBXFileReference; fileEncoding = 4; lastKnownFileType = sourcecode.c.h; name = CEngineSystem.h; path = ChaosEngine/CEngineSystem.h; sourceTree = "<group>"; };
		626F6355189111EA00103C36 /* CEngineSystem.m */ = {isa = PBXFileReference; fileEncoding = 4; lastKnownFileType = sourcecode.c.objc; name = CEngineSystem.m; path = ChaosEngine/CEngineSystem.m; sourceTree = "<group>"; };
		6272FF8D188ECC64009B8440 /* CTextureAtlas.h */ = {isa = PBXFileReference; fileEncoding = 4; lastKnownFileType = sourcecode.c.h; name = CTextureAtlas.h; path = ChaosEngine/CTextureAtlas.h; sourceTree = "<group>"; };
		6272FF8E188ECC64009B8440 /* CTextureAtlas.m */ = {isa = PBXFileReference; fileEncoding = 4; lastKnownFileType = sourcecode.c.objc; name = CTextureAtlas.m; path = ChaosEngine/CTextureAtlas.m; sourceTree = "<group>"; };
		6272FF92188ED421009B8440 /* character.png */ = {isa = PBXFileReference; lastKnownFileType = image.png; name = character.png; path = assets/character.png; sourceTree = "<group>"; };
		6272FF94188ED42E009B8440 /* character.xml */ = {isa = PBXFileReference; fileEncoding = 4; lastKnownFileType = text.xml; name = character.xml; path = assets/character.xml; sourceTree = "<group>"; };
		6295C57D188FCAD800B45AB9 /* CRenderEvent.h */ = {isa = PBXFileReference; fileEncoding = 4; lastKnownFileType = sourcecode.c.h; name = CRenderEvent.h; path = ChaosEngine/CRenderEvent.h; sourceTree = "<group>"; };
		6295C57E188FCAD800B45AB9 /* CRenderEvent.m */ = {isa = PBXFileReference; fileEncoding = 4; lastKnownFileType = sourcecode.c.objc; name = CRenderEvent.m; path = ChaosEngine/CRenderEvent.m; sourceTree = "<group>"; };
		6295C586189018DA00B45AB9 /* android.png */ = {isa = PBXFileReference; lastKnownFileType = image.png; name = android.png; path = assets/android.png; sourceTree = "<group>"; };
		6295C588189018E000B45AB9 /* android.xml */ = {isa = PBXFileReference; fileEncoding = 4; lastKnownFileType = text.xml; name = android.xml; path = assets/android.xml; sourceTree = "<group>"; };
		6295C58A18901F0300B45AB9 /* CEngine.h */ = {isa = PBXFileReference; fileEncoding = 4; lastKnownFileType = sourcecode.c.h; name = CEngine.h; path = ChaosEngine/CEngine.h; sourceTree = "<group>"; };
		6295C58B18901F0300B45AB9 /* CEngine.m */ = {isa = PBXFileReference; fileEncoding = 4; lastKnownFileType = sourcecode.c.objc; name = CEngine.m; path = ChaosEngine/CEngine.m; sourceTree = "<group>"; };
		62AA540F188433BB001FA053 /* CEntity.h */ = {isa = PBXFileReference; fileEncoding = 4; lastKnownFileType = sourcecode.c.h; name = CEntity.h; path = ChaosEngine/CEntity.h; sourceTree = "<group>"; };
		62AA5410188433BB001FA053 /* CEntity.m */ = {isa = PBXFileReference; fileEncoding = 4; lastKnownFileType = sourcecode.c.objc; name = CEntity.m; path = ChaosEngine/CEntity.m; sourceTree = "<group>"; };
		62AA5412188434C9001FA053 /* CEntityFactory.h */ = {isa = PBXFileReference; fileEncoding = 4; lastKnownFileType = sourcecode.c.h; name = CEntityFactory.h; path = ChaosEngine/CEntityFactory.h; sourceTree = "<group>"; };
		62AA5413188434C9001FA053 /* CEntityFactory.m */ = {isa = PBXFileReference; fileEncoding = 4; lastKnownFileType = sourcecode.c.objc; name = CEntityFactory.m; path = ChaosEngine/CEntityFactory.m; sourceTree = "<group>"; };
		62AA5415188434D5001FA053 /* CComponent.h */ = {isa = PBXFileReference; fileEncoding = 4; lastKnownFileType = sourcecode.c.h; name = CComponent.h; path = ChaosEngine/CComponent.h; sourceTree = "<group>"; };
		62AA5416188434D5001FA053 /* CComponent.m */ = {isa = PBXFileReference; fileEncoding = 4; lastKnownFileType = sourcecode.c.objc; name = CComponent.m; path = ChaosEngine/CComponent.m; sourceTree = "<group>"; };
		62AA541F188442E8001FA053 /* CPositionComponent.h */ = {isa = PBXFileReference; fileEncoding = 4; lastKnownFileType = sourcecode.c.h; name = CPositionComponent.h; path = ChaosEngine/CPositionComponent.h; sourceTree = "<group>"; };
		62AA5420188442E8001FA053 /* CPositionComponent.m */ = {isa = PBXFileReference; fileEncoding = 4; lastKnownFileType = sourcecode.c.objc; name = CPositionComponent.m; path = ChaosEngine/CPositionComponent.m; sourceTree = "<group>"; };
		62AA5422188442F9001FA053 /* CRenderComponent.h */ = {isa = PBXFileReference; fileEncoding = 4; lastKnownFileType = sourcecode.c.h; name = CRenderComponent.h; path = ChaosEngine/CRenderComponent.h; sourceTree = "<group>"; };
		62AA5423188442F9001FA053 /* CRenderComponent.m */ = {isa = PBXFileReference; fileEncoding = 4; lastKnownFileType = sourcecode.c.objc; name = CRenderComponent.m; path = ChaosEngine/CRenderComponent.m; sourceTree = "<group>"; };
		62B3BA9B1891433400DD8424 /* CInputSystem.h */ = {isa = PBXFileReference; fileEncoding = 4; lastKnownFileType = sourcecode.c.h; name = CInputSystem.h; path = ChaosEngine/CInputSystem.h; sourceTree = "<group>"; };
		62B3BA9C1891433400DD8424 /* CInputSystem.m */ = {isa = PBXFileReference; fileEncoding = 4; lastKnownFileType = sourcecode.c.objc; name = CInputSystem.m; path = ChaosEngine/CInputSystem.m; sourceTree = "<group>"; };
		62FB7BA61891698100A6340F /* CControllerComponent.h */ = {isa = PBXFileReference; fileEncoding = 4; lastKnownFileType = sourcecode.c.h; name = CControllerComponent.h; path = ChaosEngine/CControllerComponent.h; sourceTree = "<group>"; };
		62FB7BA71891698100A6340F /* CControllerComponent.m */ = {isa = PBXFileReference; fileEncoding = 4; lastKnownFileType = sourcecode.c.objc; name = CControllerComponent.m; path = ChaosEngine/CControllerComponent.m; sourceTree = "<group>"; };
/* End PBXFileReference section */

/* Begin PBXFrameworksBuildPhase section */
		6253D1FE188033120017790C /* Frameworks */ = {
			isa = PBXFrameworksBuildPhase;
			buildActionMask = 2147483647;
			files = (
				6253D207188033120017790C /* CoreGraphics.framework in Frameworks */,
				6253D209188033120017790C /* UIKit.framework in Frameworks */,
				6253D20B188033120017790C /* SpriteKit.framework in Frameworks */,
				6253D205188033120017790C /* Foundation.framework in Frameworks */,
			);
			runOnlyForDeploymentPostprocessing = 0;
		};
		6253D226188033130017790C /* Frameworks */ = {
			isa = PBXFrameworksBuildPhase;
			buildActionMask = 2147483647;
			files = (
				6253D22B188033130017790C /* XCTest.framework in Frameworks */,
				6253D22D188033130017790C /* UIKit.framework in Frameworks */,
				6253D22C188033130017790C /* Foundation.framework in Frameworks */,
			);
			runOnlyForDeploymentPostprocessing = 0;
		};
/* End PBXFrameworksBuildPhase section */

/* Begin PBXGroup section */
		6253D1F8188033120017790C = {
			isa = PBXGroup;
			children = (
				6253D240188035950017790C /* ChaosEngine */,
				6253D20C188033120017790C /* ChaosGame */,
				6253D230188033130017790C /* ChaosGameTests */,
				6253D203188033120017790C /* Frameworks */,
				6253D202188033120017790C /* Products */,
			);
			sourceTree = "<group>";
		};
		6253D202188033120017790C /* Products */ = {
			isa = PBXGroup;
			children = (
				6253D201188033120017790C /* ChaosGame.app */,
				6253D229188033130017790C /* ChaosGameTests.xctest */,
			);
			name = Products;
			sourceTree = "<group>";
		};
		6253D203188033120017790C /* Frameworks */ = {
			isa = PBXGroup;
			children = (
				6253D204188033120017790C /* Foundation.framework */,
				6253D206188033120017790C /* CoreGraphics.framework */,
				6253D208188033120017790C /* UIKit.framework */,
				6253D20A188033120017790C /* SpriteKit.framework */,
				6253D22A188033130017790C /* XCTest.framework */,
			);
			name = Frameworks;
			sourceTree = "<group>";
		};
		6253D20C188033120017790C /* ChaosGame */ = {
			isa = PBXGroup;
			children = (
				626277721885811300006BBD /* assets */,
				6253D215188033120017790C /* AppDelegate.h */,
				6253D216188033120017790C /* AppDelegate.m */,
				6253D21B188033120017790C /* ViewController.h */,
				6253D21C188033120017790C /* ViewController.m */,
				6253D21E188033120017790C /* MyScene.h */,
				6253D21F188033120017790C /* MyScene.m */,
				6253D221188033120017790C /* Spaceship.png */,
				6253D223188033120017790C /* Images.xcassets */,
				6253D20D188033120017790C /* Supporting Files */,
			);
			path = ChaosGame;
			sourceTree = "<group>";
		};
		6253D20D188033120017790C /* Supporting Files */ = {
			isa = PBXGroup;
			children = (
				6253D20E188033120017790C /* ChaosGame-Info.plist */,
				6253D20F188033120017790C /* InfoPlist.strings */,
				6253D212188033120017790C /* main.m */,
				6253D214188033120017790C /* ChaosGame-Prefix.pch */,
			);
			name = "Supporting Files";
			sourceTree = "<group>";
		};
		6253D230188033130017790C /* ChaosGameTests */ = {
			isa = PBXGroup;
			children = (
				6253D236188033130017790C /* ChaosGameTests.m */,
				6253D231188033130017790C /* Supporting Files */,
			);
			path = ChaosGameTests;
			sourceTree = "<group>";
		};
		6253D231188033130017790C /* Supporting Files */ = {
			isa = PBXGroup;
			children = (
				6253D232188033130017790C /* ChaosGameTests-Info.plist */,
				6253D233188033130017790C /* InfoPlist.strings */,
			);
			name = "Supporting Files";
			sourceTree = "<group>";
		};
		6253D240188035950017790C /* ChaosEngine */ = {
			isa = PBXGroup;
			children = (
				62627794188935C800006BBD /* CAnimationComponent.h */,
				62627795188935C800006BBD /* CAnimationComponent.m */,
				62FB7BA61891698100A6340F /* CControllerComponent.h */,
				62FB7BA71891698100A6340F /* CControllerComponent.m */,
				62AA541F188442E8001FA053 /* CPositionComponent.h */,
				62AA5420188442E8001FA053 /* CPositionComponent.m */,
				62AA5422188442F9001FA053 /* CRenderComponent.h */,
				62AA5423188442F9001FA053 /* CRenderComponent.m */,
				626277681885321600006BBD /* CAppDelegate.h */,
				626277691885321600006BBD /* CAppDelegate.m */,
				62AA5415188434D5001FA053 /* CComponent.h */,
				62AA5416188434D5001FA053 /* CComponent.m */,
				6295C58A18901F0300B45AB9 /* CEngine.h */,
				6295C58B18901F0300B45AB9 /* CEngine.m */,
				626F6354189111EA00103C36 /* CEngineSystem.h */,
				626F6355189111EA00103C36 /* CEngineSystem.m */,
				62AA540F188433BB001FA053 /* CEntity.h */,
				62AA5410188433BB001FA053 /* CEntity.m */,
				62AA5412188434C9001FA053 /* CEntityFactory.h */,
				62AA5413188434C9001FA053 /* CEntityFactory.m */,
				626277891886DE7F00006BBD /* CEvent.h */,
				6262778A1886DE7F00006BBD /* CEvent.m */,
				626277861886DDC500006BBD /* CEventDispatcher.h */,
				626277871886DDC500006BBD /* CEventDispatcher.m */,
				6262778E1888283E00006BBD /* CEventListener.h */,
				6262778F1888283E00006BBD /* CEventListener.m */,
				62B3BA9B1891433400DD8424 /* CInputSystem.h */,
				62B3BA9C1891433400DD8424 /* CInputSystem.m */,
				6262776E1885732800006BBD /* CLogger.h */,
				6262776F1885732800006BBD /* CLogger.m */,
				626277801886A4BF00006BBD /* CPoint.h */,
				626277811886A4BF00006BBD /* CPoint.m */,
				62627791188926B300006BBD /* CPositionEvent.h */,
				62627792188926B300006BBD /* CPositionEvent.m */,
				6295C57D188FCAD800B45AB9 /* CRenderEvent.h */,
				6295C57E188FCAD800B45AB9 /* CRenderEvent.m */,
				6262776418852CDE00006BBD /* CScene.h */,
				6262776518852CDE00006BBD /* CScene.m */,
				6262776B1885669100006BBD /* CSceneManager.h */,
				6262776C1885669100006BBD /* CSceneManager.m */,
				6272FF8D188ECC64009B8440 /* CTextureAtlas.h */,
				6272FF8E188ECC64009B8440 /* CTextureAtlas.m */,
				6262777918868D0B00006BBD /* CUtil.h */,
				6262777A18868D0B00006BBD /* CUtil.m */,
				6262775F18852B1F00006BBD /* CViewController.h */,
				6262776018852B1F00006BBD /* CViewController.m */,
				6262776118852B1F00006BBD /* CViewController.xib */,
			);
			name = ChaosEngine;
			sourceTree = "<group>";
		};
		626277721885811300006BBD /* assets */ = {
			isa = PBXGroup;
			children = (
				6272FF91188ED257009B8440 /* atlas */,
				6272FF90188ED24E009B8440 /* xml */,
				6262777E1886A34400006BBD /* sword.png */,
			);
			name = assets;
			sourceTree = "<group>";
		};
		6272FF90188ED24E009B8440 /* xml */ = {
			isa = PBXGroup;
			children = (
				6295C588189018E000B45AB9 /* android.xml */,
				6272FF94188ED42E009B8440 /* character.xml */,
			);
			name = xml;
			sourceTree = "<group>";
		};
		6272FF91188ED257009B8440 /* atlas */ = {
			isa = PBXGroup;
			children = (
				6295C586189018DA00B45AB9 /* android.png */,
				6272FF92188ED421009B8440 /* character.png */,
			);
			name = atlas;
			sourceTree = "<group>";
		};
/* End PBXGroup section */

/* Begin PBXNativeTarget section */
		6253D200188033120017790C /* ChaosGame */ = {
			isa = PBXNativeTarget;
			buildConfigurationList = 6253D23A188033130017790C /* Build configuration list for PBXNativeTarget "ChaosGame" */;
			buildPhases = (
				6253D1FD188033120017790C /* Sources */,
				6253D1FE188033120017790C /* Frameworks */,
				6253D1FF188033120017790C /* Resources */,
			);
			buildRules = (
			);
			dependencies = (
			);
			name = ChaosGame;
			productName = ChaosGame;
			productReference = 6253D201188033120017790C /* ChaosGame.app */;
			productType = "com.apple.product-type.application";
		};
		6253D228188033130017790C /* ChaosGameTests */ = {
			isa = PBXNativeTarget;
			buildConfigurationList = 6253D23D188033130017790C /* Build configuration list for PBXNativeTarget "ChaosGameTests" */;
			buildPhases = (
				6253D225188033130017790C /* Sources */,
				6253D226188033130017790C /* Frameworks */,
				6253D227188033130017790C /* Resources */,
			);
			buildRules = (
			);
			dependencies = (
				6253D22F188033130017790C /* PBXTargetDependency */,
			);
			name = ChaosGameTests;
			productName = ChaosGameTests;
			productReference = 6253D229188033130017790C /* ChaosGameTests.xctest */;
			productType = "com.apple.product-type.bundle.unit-test";
		};
/* End PBXNativeTarget section */

/* Begin PBXProject section */
		6253D1F9188033120017790C /* Project object */ = {
			isa = PBXProject;
			attributes = {
				LastUpgradeCheck = 0500;
				ORGANIZATIONNAME = "Baris YILMAZ";
				TargetAttributes = {
					6253D228188033130017790C = {
						TestTargetID = 6253D200188033120017790C;
					};
				};
			};
			buildConfigurationList = 6253D1FC188033120017790C /* Build configuration list for PBXProject "ChaosGame" */;
			compatibilityVersion = "Xcode 3.2";
			developmentRegion = English;
			hasScannedForEncodings = 0;
			knownRegions = (
				en,
				Base,
			);
			mainGroup = 6253D1F8188033120017790C;
			productRefGroup = 6253D202188033120017790C /* Products */;
			projectDirPath = "";
			projectRoot = "";
			targets = (
				6253D200188033120017790C /* ChaosGame */,
				6253D228188033130017790C /* ChaosGameTests */,
			);
		};
/* End PBXProject section */

/* Begin PBXResourcesBuildPhase section */
		6253D1FF188033120017790C /* Resources */ = {
			isa = PBXResourcesBuildPhase;
			buildActionMask = 2147483647;
			files = (
				6262776318852B1F00006BBD /* CViewController.xib in Resources */,
				6253D211188033120017790C /* InfoPlist.strings in Resources */,
				6272FF93188ED421009B8440 /* character.png in Resources */,
				6272FF95188ED42E009B8440 /* character.xml in Resources */,
				6253D224188033120017790C /* Images.xcassets in Resources */,
				6262777F1886A34400006BBD /* sword.png in Resources */,
				6295C589189018E000B45AB9 /* android.xml in Resources */,
				6253D222188033120017790C /* Spaceship.png in Resources */,
				6295C587189018DA00B45AB9 /* android.png in Resources */,
			);
			runOnlyForDeploymentPostprocessing = 0;
		};
		6253D227188033130017790C /* Resources */ = {
			isa = PBXResourcesBuildPhase;
			buildActionMask = 2147483647;
			files = (
				6253D235188033130017790C /* InfoPlist.strings in Resources */,
			);
			runOnlyForDeploymentPostprocessing = 0;
		};
/* End PBXResourcesBuildPhase section */

/* Begin PBXSourcesBuildPhase section */
		6253D1FD188033120017790C /* Sources */ = {
			isa = PBXSourcesBuildPhase;
			buildActionMask = 2147483647;
			files = (
				6262776D1885669100006BBD /* CSceneManager.m in Sources */,
				626F6356189111EA00103C36 /* CEngineSystem.m in Sources */,
				62AA5411188433BB001FA053 /* CEntity.m in Sources */,
				62B3BA9D1891433400DD8424 /* CInputSystem.m in Sources */,
				626277821886A4BF00006BBD /* CPoint.m in Sources */,
				6272FF8F188ECC64009B8440 /* CTextureAtlas.m in Sources */,
				6253D220188033120017790C /* MyScene.m in Sources */,
				6295C58C18901F0300B45AB9 /* CEngine.m in Sources */,
				6262777B18868D0B00006BBD /* CUtil.m in Sources */,
				62627793188926B300006BBD /* CPositionEvent.m in Sources */,
				6262776218852B1F00006BBD /* CViewController.m in Sources */,
				62AA5421188442E8001FA053 /* CPositionComponent.m in Sources */,
				62627796188935C800006BBD /* CAnimationComponent.m in Sources */,
				626277701885732800006BBD /* CLogger.m in Sources */,
				6253D21D188033120017790C /* ViewController.m in Sources */,
				6295C57F188FCAD800B45AB9 /* CRenderEvent.m in Sources */,
				6253D217188033120017790C /* AppDelegate.m in Sources */,
				626277901888283E00006BBD /* CEventListener.m in Sources */,
				6262776A1885321600006BBD /* CAppDelegate.m in Sources */,
				6262778B1886DE7F00006BBD /* CEvent.m in Sources */,
				62FB7BA81891698100A6340F /* CControllerComponent.m in Sources */,
				6253D213188033120017790C /* main.m in Sources */,
				62AA5424188442F9001FA053 /* CRenderComponent.m in Sources */,
				626277881886DDC500006BBD /* CEventDispatcher.m in Sources */,
				62AA5414188434C9001FA053 /* CEntityFactory.m in Sources */,
				6262776618852CDE00006BBD /* CScene.m in Sources */,
				62AA5417188434D5001FA053 /* CComponent.m in Sources */,
			);
			runOnlyForDeploymentPostprocessing = 0;
		};
		6253D225188033130017790C /* Sources */ = {
			isa = PBXSourcesBuildPhase;
			buildActionMask = 2147483647;
			files = (
				6253D237188033130017790C /* ChaosGameTests.m in Sources */,
			);
			runOnlyForDeploymentPostprocessing = 0;
		};
/* End PBXSourcesBuildPhase section */

/* Begin PBXTargetDependency section */
		6253D22F188033130017790C /* PBXTargetDependency */ = {
			isa = PBXTargetDependency;
			target = 6253D200188033120017790C /* ChaosGame */;
			targetProxy = 6253D22E188033130017790C /* PBXContainerItemProxy */;
		};
/* End PBXTargetDependency section */

/* Begin PBXVariantGroup section */
		6253D20F188033120017790C /* InfoPlist.strings */ = {
			isa = PBXVariantGroup;
			children = (
				6253D210188033120017790C /* en */,
			);
			name = InfoPlist.strings;
			sourceTree = "<group>";
		};
		6253D233188033130017790C /* InfoPlist.strings */ = {
			isa = PBXVariantGroup;
			children = (
				6253D234188033130017790C /* en */,
			);
			name = InfoPlist.strings;
			sourceTree = "<group>";
		};
/* End PBXVariantGroup section */

/* Begin XCBuildConfiguration section */
		6253D238188033130017790C /* Debug */ = {
			isa = XCBuildConfiguration;
			buildSettings = {
				ALWAYS_SEARCH_USER_PATHS = NO;
				ARCHS = "$(ARCHS_STANDARD_INCLUDING_64_BIT)";
				CLANG_CXX_LANGUAGE_STANDARD = "gnu++0x";
				CLANG_CXX_LIBRARY = "libc++";
				CLANG_ENABLE_MODULES = YES;
				CLANG_ENABLE_OBJC_ARC = YES;
				CLANG_WARN_BOOL_CONVERSION = YES;
				CLANG_WARN_CONSTANT_CONVERSION = YES;
				CLANG_WARN_DIRECT_OBJC_ISA_USAGE = YES_ERROR;
				CLANG_WARN_EMPTY_BODY = YES;
				CLANG_WARN_ENUM_CONVERSION = YES;
				CLANG_WARN_INT_CONVERSION = YES;
				CLANG_WARN_OBJC_ROOT_CLASS = YES_ERROR;
				CLANG_WARN__DUPLICATE_METHOD_MATCH = YES;
				"CODE_SIGN_IDENTITY[sdk=iphoneos*]" = "iPhone Developer";
				COPY_PHASE_STRIP = NO;
				GCC_C_LANGUAGE_STANDARD = gnu99;
				GCC_DYNAMIC_NO_PIC = NO;
				GCC_OPTIMIZATION_LEVEL = 0;
				GCC_PREPROCESSOR_DEFINITIONS = (
					"DEBUG=1",
					"$(inherited)",
				);
				GCC_SYMBOLS_PRIVATE_EXTERN = NO;
				GCC_WARN_64_TO_32_BIT_CONVERSION = YES;
				GCC_WARN_ABOUT_RETURN_TYPE = YES_ERROR;
				GCC_WARN_UNDECLARED_SELECTOR = YES;
				GCC_WARN_UNINITIALIZED_AUTOS = YES;
				GCC_WARN_UNUSED_FUNCTION = YES;
				GCC_WARN_UNUSED_VARIABLE = YES;
				IPHONEOS_DEPLOYMENT_TARGET = 7.0;
				ONLY_ACTIVE_ARCH = YES;
				SDKROOT = iphoneos;
			};
			name = Debug;
		};
		6253D239188033130017790C /* Release */ = {
			isa = XCBuildConfiguration;
			buildSettings = {
				ALWAYS_SEARCH_USER_PATHS = NO;
				ARCHS = "$(ARCHS_STANDARD_INCLUDING_64_BIT)";
				CLANG_CXX_LANGUAGE_STANDARD = "gnu++0x";
				CLANG_CXX_LIBRARY = "libc++";
				CLANG_ENABLE_MODULES = YES;
				CLANG_ENABLE_OBJC_ARC = YES;
				CLANG_WARN_BOOL_CONVERSION = YES;
				CLANG_WARN_CONSTANT_CONVERSION = YES;
				CLANG_WARN_DIRECT_OBJC_ISA_USAGE = YES_ERROR;
				CLANG_WARN_EMPTY_BODY = YES;
				CLANG_WARN_ENUM_CONVERSION = YES;
				CLANG_WARN_INT_CONVERSION = YES;
				CLANG_WARN_OBJC_ROOT_CLASS = YES_ERROR;
				CLANG_WARN__DUPLICATE_METHOD_MATCH = YES;
				"CODE_SIGN_IDENTITY[sdk=iphoneos*]" = "iPhone Developer";
				COPY_PHASE_STRIP = YES;
				ENABLE_NS_ASSERTIONS = NO;
				GCC_C_LANGUAGE_STANDARD = gnu99;
				GCC_WARN_64_TO_32_BIT_CONVERSION = YES;
				GCC_WARN_ABOUT_RETURN_TYPE = YES_ERROR;
				GCC_WARN_UNDECLARED_SELECTOR = YES;
				GCC_WARN_UNINITIALIZED_AUTOS = YES;
				GCC_WARN_UNUSED_FUNCTION = YES;
				GCC_WARN_UNUSED_VARIABLE = YES;
				IPHONEOS_DEPLOYMENT_TARGET = 7.0;
				SDKROOT = iphoneos;
				VALIDATE_PRODUCT = YES;
			};
			name = Release;
		};
		6253D23B188033130017790C /* Debug */ = {
			isa = XCBuildConfiguration;
			buildSettings = {
				ASSETCATALOG_COMPILER_APPICON_NAME = AppIcon;
				ASSETCATALOG_COMPILER_LAUNCHIMAGE_NAME = LaunchImage;
				GCC_PRECOMPILE_PREFIX_HEADER = YES;
				GCC_PREFIX_HEADER = "ChaosGame/ChaosGame-Prefix.pch";
				INFOPLIST_FILE = "ChaosGame/ChaosGame-Info.plist";
				PRODUCT_NAME = "$(TARGET_NAME)";
				SPRITEKIT_TEXTURE_ATLAS_OUTPUT = YES;
				WRAPPER_EXTENSION = app;
			};
			name = Debug;
		};
		6253D23C188033130017790C /* Release */ = {
			isa = XCBuildConfiguration;
			buildSettings = {
				ASSETCATALOG_COMPILER_APPICON_NAME = AppIcon;
				ASSETCATALOG_COMPILER_LAUNCHIMAGE_NAME = LaunchImage;
				GCC_PRECOMPILE_PREFIX_HEADER = YES;
				GCC_PREFIX_HEADER = "ChaosGame/ChaosGame-Prefix.pch";
				INFOPLIST_FILE = "ChaosGame/ChaosGame-Info.plist";
				PRODUCT_NAME = "$(TARGET_NAME)";
				SPRITEKIT_TEXTURE_ATLAS_OUTPUT = YES;
				WRAPPER_EXTENSION = app;
			};
			name = Release;
		};
		6253D23E188033130017790C /* Debug */ = {
			isa = XCBuildConfiguration;
			buildSettings = {
				ARCHS = "$(ARCHS_STANDARD_INCLUDING_64_BIT)";
				BUNDLE_LOADER = "$(BUILT_PRODUCTS_DIR)/ChaosGame.app/ChaosGame";
				FRAMEWORK_SEARCH_PATHS = (
					"$(SDKROOT)/Developer/Library/Frameworks",
					"$(inherited)",
					"$(DEVELOPER_FRAMEWORKS_DIR)",
				);
				GCC_PRECOMPILE_PREFIX_HEADER = YES;
				GCC_PREFIX_HEADER = "ChaosGame/ChaosGame-Prefix.pch";
				GCC_PREPROCESSOR_DEFINITIONS = (
					"DEBUG=1",
					"$(inherited)",
				);
				INFOPLIST_FILE = "ChaosGameTests/ChaosGameTests-Info.plist";
				PRODUCT_NAME = "$(TARGET_NAME)";
				TEST_HOST = "$(BUNDLE_LOADER)";
				WRAPPER_EXTENSION = xctest;
			};
			name = Debug;
		};
		6253D23F188033130017790C /* Release */ = {
			isa = XCBuildConfiguration;
			buildSettings = {
				ARCHS = "$(ARCHS_STANDARD_INCLUDING_64_BIT)";
				BUNDLE_LOADER = "$(BUILT_PRODUCTS_DIR)/ChaosGame.app/ChaosGame";
				FRAMEWORK_SEARCH_PATHS = (
					"$(SDKROOT)/Developer/Library/Frameworks",
					"$(inherited)",
					"$(DEVELOPER_FRAMEWORKS_DIR)",
				);
				GCC_PRECOMPILE_PREFIX_HEADER = YES;
				GCC_PREFIX_HEADER = "ChaosGame/ChaosGame-Prefix.pch";
				INFOPLIST_FILE = "ChaosGameTests/ChaosGameTests-Info.plist";
				PRODUCT_NAME = "$(TARGET_NAME)";
				TEST_HOST = "$(BUNDLE_LOADER)";
				WRAPPER_EXTENSION = xctest;
			};
			name = Release;
		};
/* End XCBuildConfiguration section */

/* Begin XCConfigurationList section */
		6253D1FC188033120017790C /* Build configuration list for PBXProject "ChaosGame" */ = {
			isa = XCConfigurationList;
			buildConfigurations = (
				6253D238188033130017790C /* Debug */,
				6253D239188033130017790C /* Release */,
			);
			defaultConfigurationIsVisible = 0;
			defaultConfigurationName = Release;
		};
		6253D23A188033130017790C /* Build configuration list for PBXNativeTarget "ChaosGame" */ = {
			isa = XCConfigurationList;
			buildConfigurations = (
				6253D23B188033130017790C /* Debug */,
				6253D23C188033130017790C /* Release */,
			);
			defaultConfigurationIsVisible = 0;
			defaultConfigurationName = Release;
		};
		6253D23D188033130017790C /* Build configuration list for PBXNativeTarget "ChaosGameTests" */ = {
			isa = XCConfigurationList;
			buildConfigurations = (
				6253D23E188033130017790C /* Debug */,
				6253D23F188033130017790C /* Release */,
			);
			defaultConfigurationIsVisible = 0;
			defaultConfigurationName = Release;
		};
/* End XCConfigurationList section */
	};
	rootObject = 6253D1F9188033120017790C /* Project object */;
}
